
Microsoft Visual Studio Solution File, Format Version 12.00
# Visual Studio Version 17
VisualStudioVersion = 17.3.32819.101
MinimumVisualStudioVersion = 10.0.40219.1
Project("{8BC9CEB8-8B4A-11D0-8D11-00A0C91BC942}") = "Exam1", "Exam1\Exam1.vcxproj", "{FD618EF6-A8EF-46E7-B00E-F995B4F0EBAD}"
EndProject
Global
	GlobalSection(SolutionConfigurationPlatforms) = preSolution
		Debug|x64 = Debug|x64
		Debug|x86 = Debug|x86
		Release|x64 = Release|x64
		Release|x86 = Release|x86
	EndGlobalSection
	GlobalSection(ProjectConfigurationPlatforms) = postSolution
		{FD618EF6-A8EF-46E7-B00E-F995B4F0EBAD}.Debug|x64.ActiveCfg = Debug|x64
		{FD618EF6-A8EF-46E7-B00E-F995B4F0EBAD}.Debug|x64.Build.0 = Debug|x64
		{FD618EF6-A8EF-46E7-B00E-F995B4F0EBAD}.Debug|x86.ActiveCfg = Debug|Win32
		{FD618EF6-A8EF-46E7-B00E-F995B4F0EBAD}.Debug|x86.Build.0 = Debug|Win32
		{FD618EF6-A8EF-46E7-B00E-F995B4F0EBAD}.Release|x64.ActiveCfg = Release|x64
		{FD618EF6-A8EF-46E7-B00E-F995B4F0EBAD}.Release|x64.Build.0 = Release|x64
		{FD618EF6-A8EF-46E7-B00E-F995B4F0EBAD}.Release|x86.ActiveCfg = Release|Win32
		{FD618EF6-A8EF-46E7-B00E-F995B4F0EBAD}.Release|x86.Build.0 = Release|Win32
	EndGlobalSection
	GlobalSection(SolutionProperties) = preSolution
		HideSolutionNode = FALSE
	EndGlobalSection
	GlobalSection(ExtensibilityGlobals) = postSolution
		SolutionGuid = {330996DE-7EEC-48CE-8BB5-4BC21CC562BD}
	EndGlobalSection
EndGlobal
